
Microsoft Visual Studio Solution File, Format Version 12.00
# Visual Studio Version 17
VisualStudioVersion = 17.0.31903.59
MinimumVisualStudioVersion = 10.0.40219.1
Project("{FAE04EC0-301F-11D3-BF4B-00C04F79EFBC}") = "Dnw.Redis.Api", "Dnw.Redis.Api\Dnw.Redis.Api.csproj", "{76682444-126B-42E0-B868-C8DA46A126C9}"
EndProject
Project("{FAE04EC0-301F-11D3-BF4B-00C04F79EFBC}") = "Dnw.Redis.Api.IntegrationTests", "Dnw.Redis.Api.IntegrationTests\Dnw.Redis.Api.IntegrationTests.csproj", "{8DD78192-E51E-47B0-86ED-A0CA5431069B}"
EndProject
Global
	GlobalSection(SolutionConfigurationPlatforms) = preSolution
		Debug|Any CPU = Debug|Any CPU
		Release|Any CPU = Release|Any CPU
	EndGlobalSection
	GlobalSection(SolutionProperties) = preSolution
		HideSolutionNode = FALSE
	EndGlobalSection
	GlobalSection(ProjectConfigurationPlatforms) = postSolution
		{76682444-126B-42E0-B868-C8DA46A126C9}.Debug|Any CPU.ActiveCfg = Debug|Any CPU
		{76682444-126B-42E0-B868-C8DA46A126C9}.Debug|Any CPU.Build.0 = Debug|Any CPU
		{76682444-126B-42E0-B868-C8DA46A126C9}.Release|Any CPU.ActiveCfg = Release|Any CPU
		{76682444-126B-42E0-B868-C8DA46A126C9}.Release|Any CPU.Build.0 = Release|Any CPU
		{8DD78192-E51E-47B0-86ED-A0CA5431069B}.Debug|Any CPU.ActiveCfg = Debug|Any CPU
		{8DD78192-E51E-47B0-86ED-A0CA5431069B}.Debug|Any CPU.Build.0 = Debug|Any CPU
		{8DD78192-E51E-47B0-86ED-A0CA5431069B}.Release|Any CPU.ActiveCfg = Release|Any CPU
		{8DD78192-E51E-47B0-86ED-A0CA5431069B}.Release|Any CPU.Build.0 = Release|Any CPU
	EndGlobalSection
EndGlobal
